<?xml version="1.0" encoding="utf-8"?>
<Project ToolsVersion="4.0" xmlns="http://schemas.microsoft.com/developer/msbuild/2003">
  <ItemGroup>
    <Filter Include="win32">
      <UniqueIdentifier>{84a8ebd7-7cf0-47f6-b75e-d441df67da40}</UniqueIdentifier>
    </Filter>
    <Filter Include="resource">
      <UniqueIdentifier>{715254bc-d70b-4ec5-bf29-467dd3ace079}</UniqueIdentifier>
    </Filter>
    <Filter Include="src">
      <UniqueIdentifier>{bb6c862e-70e9-49d9-81b7-3829a6f50471}</UniqueIdentifier>
    </Filter>
    <Filter Include="src\scene">
      <UniqueIdentifier>{e2508d0f-82af-4fe6-9bef-29ab8f89d168}</UniqueIdentifier>
    </Filter>
    <Filter Include="src\object">
      <UniqueIdentifier>{7d1d1166-91b8-4cba-b35a-8f425db13b63}</UniqueIdentifier>
    </Filter>
    <Filter Include="src\object\visible">
      <UniqueIdentifier>{8bfb47dd-046c-46b8-ac36-95f212d3a851}</UniqueIdentifier>
    </Filter>
    <Filter Include="src\object\abstract">
      <UniqueIdentifier>{2e0059e2-d27f-4335-bf0d-993c9ec5182b}</UniqueIdentifier>
    </Filter>
    <Filter Include="src\library">
      <UniqueIdentifier>{cf35ac2a-73be-44e4-a959-3a0a862ef4d4}</UniqueIdentifier>
    </Filter>
    <Filter Include="src\object\map">
      <UniqueIdentifier>{4f96a652-fc45-4254-8e8d-5f6af5326e7b}</UniqueIdentifier>
    </Filter>
  </ItemGroup>
  <ItemGroup>
    <ClCompile Include="main.cpp">
      <Filter>win32</Filter>
    </ClCompile>
    <ClCompile Include="..\Classes\AppDelegate.cpp">
      <Filter>src</Filter>
    </ClCompile>
    <ClCompile Include="..\Classes\WorldScene.cpp">
      <Filter>src\scene</Filter>
    </ClCompile>
    <ClCompile Include="..\Classes\WorldObject.cpp">
      <Filter>src\object\abstract</Filter>
    </ClCompile>
    <ClCompile Include="..\Classes\StaticObject.cpp">
      <Filter>src\object\abstract</Filter>
    </ClCompile>
    <ClCompile Include="..\Classes\DynamicObject.cpp">
      <Filter>src\object\abstract</Filter>
    </ClCompile>
    <ClCompile Include="..\Classes\VehicleObject.cpp">
      <Filter>src\object\abstract</Filter>
    </ClCompile>
    <ClCompile Include="..\Classes\CarObject.cpp">
      <Filter>src\object\visible</Filter>
    </ClCompile>
    <ClCompile Include="..\Classes\BuildingObject.cpp">
      <Filter>src\object\visible</Filter>
    </ClCompile>
    <ClCompile Include="..\Classes\MapObject.cpp">
      <Filter>src\object\abstract</Filter>
    </ClCompile>
    <ClCompile Include="..\Classes\fasttrigo.cpp">
      <Filter>src\library</Filter>
    </ClCompile>
    <ClCompile Include="..\Classes\WorldController.cpp">
      <Filter>src\object\map</Filter>
    </ClCompile>
    <ClCompile Include="..\Classes\CoatingObject.cpp">
      <Filter>src\object\map</Filter>
    </ClCompile>
    <ClCompile Include="..\Classes\RoadObject.cpp">
      <Filter>src\object\map</Filter>
    </ClCompile>
    <ClCompile Include="..\Classes\Global.cpp">
      <Filter>src</Filter>
    </ClCompile>
  </ItemGroup>
  <ItemGroup>
    <ClInclude Include="main.h">
      <Filter>win32</Filter>
    </ClInclude>
    <ClInclude Include="..\Classes\AppDelegate.h">
      <Filter>src</Filter>
    </ClInclude>
    <ClInclude Include="..\Classes\WorldScene.h">
      <Filter>src\scene</Filter>
    </ClInclude>
    <ClInclude Include="..\Classes\WorldObject.h">
      <Filter>src\object\abstract</Filter>
    </ClInclude>
    <ClInclude Include="..\Classes\StaticObject.h">
      <Filter>src\object\abstract</Filter>
    </ClInclude>
    <ClInclude Include="..\Classes\DynamicObject.h">
      <Filter>src\object\abstract</Filter>
    </ClInclude>
    <ClInclude Include="..\Classes\VehicleObject.h">
      <Filter>src\object\abstract</Filter>
    </ClInclude>
    <ClInclude Include="..\Classes\CarObject.h">
      <Filter>src\object\visible</Filter>
    </ClInclude>
    <ClInclude Include="..\Classes\BuildingObject.h">
      <Filter>src\object\visible</Filter>
    </ClInclude>
    <ClInclude Include="..\Classes\MapObject.h">
      <Filter>src\object\abstract</Filter>
    </ClInclude>
    <ClInclude Include="..\Classes\fasttrigo.h">
      <Filter>src\library</Filter>
    </ClInclude>
    <ClInclude Include="..\Classes\WorldController.h">
      <Filter>src\object\map</Filter>
    </ClInclude>
    <ClInclude Include="..\Classes\CoatingObject.h">
      <Filter>src\object\map</Filter>
    </ClInclude>
    <ClInclude Include="..\Classes\RoadObject.h">
      <Filter>src\object\map</Filter>
    </ClInclude>
    <ClInclude Include="..\Classes\Global.h">
      <Filter>src</Filter>
    </ClInclude>
  </ItemGroup>
  <ItemGroup>
    <ResourceCompile Include="game.rc">
      <Filter>resource</Filter>
    </ResourceCompile>
  </ItemGroup>
</Project>