<?xml version="1.0" encoding="utf-8"?>
<Project ToolsVersion="4.0" xmlns="http://schemas.microsoft.com/developer/msbuild/2003">
  <ItemGroup>
    <Filter Include="win32">
      <UniqueIdentifier>{84a8ebd7-7cf0-47f6-b75e-d441df67da40}</UniqueIdentifier>
    </Filter>
    <Filter Include="resource">
      <UniqueIdentifier>{715254bc-d70b-4ec5-bf29-467dd3ace079}</UniqueIdentifier>
    </Filter>
    <Filter Include="src">
      <UniqueIdentifier>{bb6c862e-70e9-49d9-81b7-3829a6f50471}</UniqueIdentifier>
    </Filter>
    <Filter Include="src\controllers">
      <UniqueIdentifier>{4f96a652-fc45-4254-8e8d-5f6af5326e7b}</UniqueIdentifier>
    </Filter>
    <Filter Include="src\libraries">
      <UniqueIdentifier>{cf35ac2a-73be-44e4-a959-3a0a862ef4d4}</UniqueIdentifier>
    </Filter>
    <Filter Include="src\abstract objects">
      <UniqueIdentifier>{2e0059e2-d27f-4335-bf0d-993c9ec5182b}</UniqueIdentifier>
    </Filter>
    <Filter Include="src\visible objects">
      <UniqueIdentifier>{8bfb47dd-046c-46b8-ac36-95f212d3a851}</UniqueIdentifier>
    </Filter>
    <Filter Include="src\general">
      <UniqueIdentifier>{4ed802b4-c416-4b51-83d6-90c9275ef9bf}</UniqueIdentifier>
    </Filter>
    <Filter Include="src\abstract objects\world objects">
      <UniqueIdentifier>{3b4a5d56-fd87-4b93-a588-2f7effa6a319}</UniqueIdentifier>
    </Filter>
    <Filter Include="src\abstract objects\coating unions">
      <UniqueIdentifier>{d7923d84-b67d-4fb9-a925-2f93c23d8677}</UniqueIdentifier>
    </Filter>
  </ItemGroup>
  <ItemGroup>
    <ClCompile Include="main.cpp">
      <Filter>win32</Filter>
    </ClCompile>
    <ClCompile Include="..\Classes\CarObject.cpp">
      <Filter>src\visible objects</Filter>
    </ClCompile>
    <ClCompile Include="..\Classes\BuildingObject.cpp">
      <Filter>src\visible objects</Filter>
    </ClCompile>
    <ClCompile Include="..\Classes\fasttrigo.cpp">
      <Filter>src\libraries</Filter>
    </ClCompile>
    <ClCompile Include="..\Classes\WorldController.cpp">
      <Filter>src\controllers</Filter>
    </ClCompile>
    <ClCompile Include="..\Classes\CoatingObject.cpp">
      <Filter>src\abstract objects</Filter>
    </ClCompile>
    <ClCompile Include="..\Classes\WorldScene.cpp">
      <Filter>src\controllers</Filter>
    </ClCompile>
    <ClCompile Include="..\Classes\General.cpp">
      <Filter>src\general</Filter>
    </ClCompile>
    <ClCompile Include="..\Classes\AppDelegate.cpp">
      <Filter>src\general</Filter>
    </ClCompile>
    <ClCompile Include="..\Classes\VehicleObject.cpp">
      <Filter>src\abstract objects\world objects</Filter>
    </ClCompile>
    <ClCompile Include="..\Classes\StaticObject.cpp">
      <Filter>src\abstract objects\world objects</Filter>
    </ClCompile>
    <ClCompile Include="..\Classes\MapObject.cpp">
      <Filter>src\abstract objects\world objects</Filter>
    </ClCompile>
    <ClCompile Include="..\Classes\DynamicObject.cpp">
      <Filter>src\abstract objects\world objects</Filter>
    </ClCompile>
    <ClCompile Include="..\Classes\WorldObject.cpp">
      <Filter>src\abstract objects</Filter>
    </ClCompile>
    <ClCompile Include="..\Classes\DrivewayObject.cpp">
      <Filter>src\abstract objects\coating unions</Filter>
    </ClCompile>
    <ClCompile Include="..\Classes\CoatingUnion.cpp">
      <Filter>src\abstract objects</Filter>
    </ClCompile>
    <ClCompile Include="..\Classes\RoadCoating.cpp">
      <Filter>src\visible objects</Filter>
    </ClCompile>
    <ClCompile Include="..\Classes\CrossroadObject.cpp">
      <Filter>src\abstract objects\coating unions</Filter>
    </ClCompile>
    <ClCompile Include="..\Classes\ControlUnit.cpp">
      <Filter>src\abstract objects</Filter>
    </ClCompile>
    <ClCompile Include="..\Classes\TurnObject.cpp">
      <Filter>src\abstract objects\coating unions</Filter>
    </ClCompile>
  </ItemGroup>
  <ItemGroup>
    <ClInclude Include="main.h">
      <Filter>win32</Filter>
    </ClInclude>
    <ClInclude Include="..\Classes\CarObject.h">
      <Filter>src\visible objects</Filter>
    </ClInclude>
    <ClInclude Include="..\Classes\BuildingObject.h">
      <Filter>src\visible objects</Filter>
    </ClInclude>
    <ClInclude Include="..\Classes\fasttrigo.h">
      <Filter>src\libraries</Filter>
    </ClInclude>
    <ClInclude Include="..\Classes\WorldController.h">
      <Filter>src\controllers</Filter>
    </ClInclude>
    <ClInclude Include="..\Classes\CoatingObject.h">
      <Filter>src\abstract objects</Filter>
    </ClInclude>
    <ClInclude Include="..\Classes\WorldScene.h">
      <Filter>src\controllers</Filter>
    </ClInclude>
    <ClInclude Include="..\Classes\General.h">
      <Filter>src\general</Filter>
    </ClInclude>
    <ClInclude Include="..\Classes\AppDelegate.h">
      <Filter>src\general</Filter>
    </ClInclude>
    <ClInclude Include="..\Classes\VehicleObject.h">
      <Filter>src\abstract objects\world objects</Filter>
    </ClInclude>
    <ClInclude Include="..\Classes\StaticObject.h">
      <Filter>src\abstract objects\world objects</Filter>
    </ClInclude>
    <ClInclude Include="..\Classes\MapObject.h">
      <Filter>src\abstract objects\world objects</Filter>
    </ClInclude>
    <ClInclude Include="..\Classes\DynamicObject.h">
      <Filter>src\abstract objects\world objects</Filter>
    </ClInclude>
    <ClInclude Include="..\Classes\WorldObject.h">
      <Filter>src\abstract objects</Filter>
    </ClInclude>
    <ClInclude Include="..\Classes\DrivewayObject.h">
      <Filter>src\abstract objects\coating unions</Filter>
    </ClInclude>
    <ClInclude Include="..\Classes\CoatingUnion.h">
      <Filter>src\abstract objects</Filter>
    </ClInclude>
    <ClInclude Include="..\Classes\RoadCoating.h">
      <Filter>src\visible objects</Filter>
    </ClInclude>
    <ClInclude Include="..\Classes\CrossroadObject.h">
      <Filter>src\abstract objects\coating unions</Filter>
    </ClInclude>
    <ClInclude Include="..\Classes\ControlUnit.h">
      <Filter>src\abstract objects</Filter>
    </ClInclude>
    <ClInclude Include="..\Classes\TurnObject.h">
      <Filter>src\abstract objects\coating unions</Filter>
    </ClInclude>
  </ItemGroup>
  <ItemGroup>
    <ResourceCompile Include="game.rc">
      <Filter>resource</Filter>
    </ResourceCompile>
  </ItemGroup>
</Project>